
Microsoft Visual Studio Solution File, Format Version 12.00
# Visual Studio Version 17
VisualStudioVersion = 17.1.32228.430
MinimumVisualStudioVersion = 10.0.40219.1
Project("{8BC9CEB8-8B4A-11D0-8D11-00A0C91BC942}") = "ms3", "ms3.vcxproj", "{29EB219E-B7B7-4AAF-93EB-93B9C540F9F4}"
EndProject
Global
	GlobalSection(SolutionConfigurationPlatforms) = preSolution
		Debug|x64 = Debug|x64
		Debug|x86 = Debug|x86
		Release|x64 = Release|x64
		Release|x86 = Release|x86
	EndGlobalSection
	GlobalSection(ProjectConfigurationPlatforms) = postSolution
		{29EB219E-B7B7-4AAF-93EB-93B9C540F9F4}.Debug|x64.ActiveCfg = Debug|x64
		{29EB219E-B7B7-4AAF-93EB-93B9C540F9F4}.Debug|x64.Build.0 = Debug|x64
		{29EB219E-B7B7-4AAF-93EB-93B9C540F9F4}.Debug|x86.ActiveCfg = Debug|Win32
		{29EB219E-B7B7-4AAF-93EB-93B9C540F9F4}.Debug|x86.Build.0 = Debug|Win32
		{29EB219E-B7B7-4AAF-93EB-93B9C540F9F4}.Release|x64.ActiveCfg = Release|x64
		{29EB219E-B7B7-4AAF-93EB-93B9C540F9F4}.Release|x64.Build.0 = Release|x64
		{29EB219E-B7B7-4AAF-93EB-93B9C540F9F4}.Release|x86.ActiveCfg = Release|Win32
		{29EB219E-B7B7-4AAF-93EB-93B9C540F9F4}.Release|x86.Build.0 = Release|Win32
	EndGlobalSection
	GlobalSection(SolutionProperties) = preSolution
		HideSolutionNode = FALSE
	EndGlobalSection
	GlobalSection(ExtensibilityGlobals) = postSolution
		SolutionGuid = {ACC6FA7B-EA3F-46C3-AF22-5901ADF90E9C}
	EndGlobalSection
EndGlobal
